
Microsoft Visual Studio Solution File, Format Version 12.00
Project("{FAE04EC0-301F-11D3-BF4B-00C04F79EFBC}") = "Presentation", "Presentation\Presentation.csproj", "{1CB4109F-2FD1-4004-9C50-0124982E6749}"
EndProject
Project("{2150E333-8FDC-42A3-9474-1A3956D46DE8}") = "Presentation", "Presentation", "{239693E2-97C5-43C7-B969-67E2E0AB66E4}"
EndProject
Project("{2150E333-8FDC-42A3-9474-1A3956D46DE8}") = "Core", "Core", "{27364233-4D76-42B7-977C-2C185826D8BF}"
EndProject
Project("{FAE04EC0-301F-11D3-BF4B-00C04F79EFBC}") = "Application", "Core\Application\Application.csproj", "{67FB09D4-5D0B-4169-AB6D-4A3653B74686}"
EndProject
Project("{FAE04EC0-301F-11D3-BF4B-00C04F79EFBC}") = "Domain", "Core\Domain\Domain.csproj", "{573CA7FE-FEFC-4CBE-830C-8868E5E6F267}"
EndProject
Project("{2150E333-8FDC-42A3-9474-1A3956D46DE8}") = "Infrastructure", "Infrastructure", "{2D2BCAD6-45D9-436D-AD4C-FE68BCF70BD9}"
EndProject
Project("{FAE04EC0-301F-11D3-BF4B-00C04F79EFBC}") = "Persistance", "Infrastructure\Persistance\Persistance.csproj", "{BF31A927-4730-4C4E-9E05-AE8C4C149EF1}"
EndProject
Global
	GlobalSection(SolutionConfigurationPlatforms) = preSolution
		Debug|Any CPU = Debug|Any CPU
		Release|Any CPU = Release|Any CPU
	EndGlobalSection
	GlobalSection(ProjectConfigurationPlatforms) = postSolution
		{1CB4109F-2FD1-4004-9C50-0124982E6749}.Debug|Any CPU.ActiveCfg = Debug|Any CPU
		{1CB4109F-2FD1-4004-9C50-0124982E6749}.Debug|Any CPU.Build.0 = Debug|Any CPU
		{1CB4109F-2FD1-4004-9C50-0124982E6749}.Release|Any CPU.ActiveCfg = Release|Any CPU
		{1CB4109F-2FD1-4004-9C50-0124982E6749}.Release|Any CPU.Build.0 = Release|Any CPU
		{67FB09D4-5D0B-4169-AB6D-4A3653B74686}.Debug|Any CPU.ActiveCfg = Debug|Any CPU
		{67FB09D4-5D0B-4169-AB6D-4A3653B74686}.Debug|Any CPU.Build.0 = Debug|Any CPU
		{67FB09D4-5D0B-4169-AB6D-4A3653B74686}.Release|Any CPU.ActiveCfg = Release|Any CPU
		{67FB09D4-5D0B-4169-AB6D-4A3653B74686}.Release|Any CPU.Build.0 = Release|Any CPU
		{573CA7FE-FEFC-4CBE-830C-8868E5E6F267}.Debug|Any CPU.ActiveCfg = Debug|Any CPU
		{573CA7FE-FEFC-4CBE-830C-8868E5E6F267}.Debug|Any CPU.Build.0 = Debug|Any CPU
		{573CA7FE-FEFC-4CBE-830C-8868E5E6F267}.Release|Any CPU.ActiveCfg = Release|Any CPU
		{573CA7FE-FEFC-4CBE-830C-8868E5E6F267}.Release|Any CPU.Build.0 = Release|Any CPU
		{BF31A927-4730-4C4E-9E05-AE8C4C149EF1}.Debug|Any CPU.ActiveCfg = Debug|Any CPU
		{BF31A927-4730-4C4E-9E05-AE8C4C149EF1}.Debug|Any CPU.Build.0 = Debug|Any CPU
		{BF31A927-4730-4C4E-9E05-AE8C4C149EF1}.Release|Any CPU.ActiveCfg = Release|Any CPU
		{BF31A927-4730-4C4E-9E05-AE8C4C149EF1}.Release|Any CPU.Build.0 = Release|Any CPU
	EndGlobalSection
	GlobalSection(NestedProjects) = preSolution
		{1CB4109F-2FD1-4004-9C50-0124982E6749} = {239693E2-97C5-43C7-B969-67E2E0AB66E4}
		{67FB09D4-5D0B-4169-AB6D-4A3653B74686} = {27364233-4D76-42B7-977C-2C185826D8BF}
		{573CA7FE-FEFC-4CBE-830C-8868E5E6F267} = {27364233-4D76-42B7-977C-2C185826D8BF}
		{BF31A927-4730-4C4E-9E05-AE8C4C149EF1} = {2D2BCAD6-45D9-436D-AD4C-FE68BCF70BD9}
	EndGlobalSection
EndGlobal
